
Microsoft Visual Studio Solution File, Format Version 12.00
# Visual Studio Version 17
VisualStudioVersion = 17.5.33530.505
MinimumVisualStudioVersion = 10.0.40219.1
Project("{FAE04EC0-301F-11D3-BF4B-00C04F79EFBC}") = "Module13_Collection_2", "Module13_Collection_2\Module13_Collection_2.csproj", "{56130370-0F29-4A2F-B57F-E4A7020DCD66}"
EndProject
Global
	GlobalSection(SolutionConfigurationPlatforms) = preSolution
		Debug|Any CPU = Debug|Any CPU
		Release|Any CPU = Release|Any CPU
	EndGlobalSection
	GlobalSection(ProjectConfigurationPlatforms) = postSolution
		{56130370-0F29-4A2F-B57F-E4A7020DCD66}.Debug|Any CPU.ActiveCfg = Debug|Any CPU
		{56130370-0F29-4A2F-B57F-E4A7020DCD66}.Debug|Any CPU.Build.0 = Debug|Any CPU
		{56130370-0F29-4A2F-B57F-E4A7020DCD66}.Release|Any CPU.ActiveCfg = Release|Any CPU
		{56130370-0F29-4A2F-B57F-E4A7020DCD66}.Release|Any CPU.Build.0 = Release|Any CPU
	EndGlobalSection
	GlobalSection(SolutionProperties) = preSolution
		HideSolutionNode = FALSE
	EndGlobalSection
	GlobalSection(ExtensibilityGlobals) = postSolution
		SolutionGuid = {00F29D53-9259-4961-BDE6-E5BB23922303}
	EndGlobalSection
EndGlobal
